
Microsoft Visual Studio Solution File, Format Version 12.00
# Visual Studio Version 17
VisualStudioVersion = 17.0.32112.339
MinimumVisualStudioVersion = 10.0.40219.1
Project("{FAE04EC0-301F-11D3-BF4B-00C04F79EFBC}") = "FarmersMarket.Web", "FarmersMarket.Web\FarmersMarket.Web.csproj", "{9D2DD9B1-4B55-47EF-B712-A22160203A11}"
EndProject
Project("{FAE04EC0-301F-11D3-BF4B-00C04F79EFBC}") = "FarmersMarket.Data", "FarmersMarket.Data\FarmersMarket.Data.csproj", "{0F15DC77-B5BA-4595-9196-0E917AE4890F}"
EndProject
Project("{FAE04EC0-301F-11D3-BF4B-00C04F79EFBC}") = "FarmersMarket.Models", "FarmersMarket.Models\FarmersMarket.Models.csproj", "{63C71A95-1170-4976-94AB-4EB8E5E517EF}"
EndProject
Project("{FAE04EC0-301F-11D3-BF4B-00C04F79EFBC}") = "FarmersMarket.Services", "FarmersMarket.Services\FarmersMarket.Services.csproj", "{0F404295-6D6D-45F4-ABFD-5B8295D396A2}"
EndProject
Project("{FAE04EC0-301F-11D3-BF4B-00C04F79EFBC}") = "FarmersMarket.Tests", "FarmersMarket.Tests\FarmersMarket.Tests.csproj", "{DBABF39A-996E-4139-AAAE-F26DD9B335F4}"
EndProject
Global
	GlobalSection(SolutionConfigurationPlatforms) = preSolution
		Debug|Any CPU = Debug|Any CPU
		Release|Any CPU = Release|Any CPU
	EndGlobalSection
	GlobalSection(ProjectConfigurationPlatforms) = postSolution
		{9D2DD9B1-4B55-47EF-B712-A22160203A11}.Debug|Any CPU.ActiveCfg = Debug|Any CPU
		{9D2DD9B1-4B55-47EF-B712-A22160203A11}.Debug|Any CPU.Build.0 = Debug|Any CPU
		{9D2DD9B1-4B55-47EF-B712-A22160203A11}.Release|Any CPU.ActiveCfg = Release|Any CPU
		{9D2DD9B1-4B55-47EF-B712-A22160203A11}.Release|Any CPU.Build.0 = Release|Any CPU
		{0F15DC77-B5BA-4595-9196-0E917AE4890F}.Debug|Any CPU.ActiveCfg = Debug|Any CPU
		{0F15DC77-B5BA-4595-9196-0E917AE4890F}.Debug|Any CPU.Build.0 = Debug|Any CPU
		{0F15DC77-B5BA-4595-9196-0E917AE4890F}.Release|Any CPU.ActiveCfg = Release|Any CPU
		{0F15DC77-B5BA-4595-9196-0E917AE4890F}.Release|Any CPU.Build.0 = Release|Any CPU
		{63C71A95-1170-4976-94AB-4EB8E5E517EF}.Debug|Any CPU.ActiveCfg = Debug|Any CPU
		{63C71A95-1170-4976-94AB-4EB8E5E517EF}.Debug|Any CPU.Build.0 = Debug|Any CPU
		{63C71A95-1170-4976-94AB-4EB8E5E517EF}.Release|Any CPU.ActiveCfg = Release|Any CPU
		{63C71A95-1170-4976-94AB-4EB8E5E517EF}.Release|Any CPU.Build.0 = Release|Any CPU
		{0F404295-6D6D-45F4-ABFD-5B8295D396A2}.Debug|Any CPU.ActiveCfg = Debug|Any CPU
		{0F404295-6D6D-45F4-ABFD-5B8295D396A2}.Debug|Any CPU.Build.0 = Debug|Any CPU
		{0F404295-6D6D-45F4-ABFD-5B8295D396A2}.Release|Any CPU.ActiveCfg = Release|Any CPU
		{0F404295-6D6D-45F4-ABFD-5B8295D396A2}.Release|Any CPU.Build.0 = Release|Any CPU
		{DBABF39A-996E-4139-AAAE-F26DD9B335F4}.Debug|Any CPU.ActiveCfg = Debug|Any CPU
		{DBABF39A-996E-4139-AAAE-F26DD9B335F4}.Debug|Any CPU.Build.0 = Debug|Any CPU
		{DBABF39A-996E-4139-AAAE-F26DD9B335F4}.Release|Any CPU.ActiveCfg = Release|Any CPU
		{DBABF39A-996E-4139-AAAE-F26DD9B335F4}.Release|Any CPU.Build.0 = Release|Any CPU
	EndGlobalSection
	GlobalSection(SolutionProperties) = preSolution
		HideSolutionNode = FALSE
	EndGlobalSection
	GlobalSection(ExtensibilityGlobals) = postSolution
		SolutionGuid = {A10D0378-4D4D-4A47-8CFF-FAB1C810B308}
	EndGlobalSection
EndGlobal
